// !$*UTF8*$!
{
	archiveVersion = 1;
	classes = {
	};
	objectVersion = 55;
	objects = {

/* Begin PBXBuildFile section */
		B06AE808272B8C1200956666 /* AppDelegate.swift in Sources */ = {isa = PBXBuildFile; fileRef = B06AE807272B8C1200956666 /* AppDelegate.swift */; };
		B06AE80A272B8C1200956666 /* SceneDelegate.swift in Sources */ = {isa = PBXBuildFile; fileRef = B06AE809272B8C1200956666 /* SceneDelegate.swift */; };
		B06AE80C272B8C1200956666 /* ViewController.swift in Sources */ = {isa = PBXBuildFile; fileRef = B06AE80B272B8C1200956666 /* ViewController.swift */; };
		B06AE80F272B8C1200956666 /* Main.storyboard in Resources */ = {isa = PBXBuildFile; fileRef = B06AE80D272B8C1200956666 /* Main.storyboard */; };
		B06AE811272B8C1400956666 /* Assets.xcassets in Resources */ = {isa = PBXBuildFile; fileRef = B06AE810272B8C1400956666 /* Assets.xcassets */; };
		B06AE814272B8C1400956666 /* LaunchScreen.storyboard in Resources */ = {isa = PBXBuildFile; fileRef = B06AE812272B8C1400956666 /* LaunchScreen.storyboard */; };
		B06AE81F272B8C1500956666 /* RefreshTests.swift in Sources */ = {isa = PBXBuildFile; fileRef = B06AE81E272B8C1500956666 /* RefreshTests.swift */; };
		B06AE829272B8C1500956666 /* RefreshUITests.swift in Sources */ = {isa = PBXBuildFile; fileRef = B06AE828272B8C1500956666 /* RefreshUITests.swift */; };
		B06AE82B272B8C1500956666 /* RefreshUITestsLaunchTests.swift in Sources */ = {isa = PBXBuildFile; fileRef = B06AE82A272B8C1500956666 /* RefreshUITestsLaunchTests.swift */; };
		B06AE838272BE87900956666 /* UIView+Ext.swift in Sources */ = {isa = PBXBuildFile; fileRef = B06AE837272BE87900956666 /* UIView+Ext.swift */; };
		B0706EC6272FD7FC00A930FA /* VideoCell.swift in Sources */ = {isa = PBXBuildFile; fileRef = B0706EC5272FD7FC00A930FA /* VideoCell.swift */; };
		B0706EC9272FF5F800A930FA /* Video.swift in Sources */ = {isa = PBXBuildFile; fileRef = B0706EC8272FF5F800A930FA /* Video.swift */; };
		B0706ECC27313E8900A930FA /* UIImage+Ext.swift in Sources */ = {isa = PBXBuildFile; fileRef = B0706ECB27313E8900A930FA /* UIImage+Ext.swift */; };
		B0706ED02732886D00A930FA /* VideoController.swift in Sources */ = {isa = PBXBuildFile; fileRef = B0706ECF2732886D00A930FA /* VideoController.swift */; };
/* End PBXBuildFile section */

/* Begin PBXContainerItemProxy section */
		B06AE81B272B8C1500956666 /* PBXContainerItemProxy */ = {
			isa = PBXContainerItemProxy;
			containerPortal = B06AE7FC272B8C1200956666 /* Project object */;
			proxyType = 1;
			remoteGlobalIDString = B06AE803272B8C1200956666;
			remoteInfo = Refresh;
		};
		B06AE825272B8C1500956666 /* PBXContainerItemProxy */ = {
			isa = PBXContainerItemProxy;
			containerPortal = B06AE7FC272B8C1200956666 /* Project object */;
			proxyType = 1;
			remoteGlobalIDString = B06AE803272B8C1200956666;
			remoteInfo = Refresh;
		};
/* End PBXContainerItemProxy section */

/* Begin PBXFileReference section */
		B06AE804272B8C1200956666 /* Refresh.app */ = {isa = PBXFileReference; explicitFileType = wrapper.application; includeInIndex = 0; path = Refresh.app; sourceTree = BUILT_PRODUCTS_DIR; };
		B06AE807272B8C1200956666 /* AppDelegate.swift */ = {isa = PBXFileReference; lastKnownFileType = sourcecode.swift; path = AppDelegate.swift; sourceTree = "<group>"; };
		B06AE809272B8C1200956666 /* SceneDelegate.swift */ = {isa = PBXFileReference; lastKnownFileType = sourcecode.swift; path = SceneDelegate.swift; sourceTree = "<group>"; };
		B06AE80B272B8C1200956666 /* ViewController.swift */ = {isa = PBXFileReference; lastKnownFileType = sourcecode.swift; path = ViewController.swift; sourceTree = "<group>"; };
		B06AE80E272B8C1200956666 /* Base */ = {isa = PBXFileReference; lastKnownFileType = file.storyboard; name = Base; path = Base.lproj/Main.storyboard; sourceTree = "<group>"; };
		B06AE810272B8C1400956666 /* Assets.xcassets */ = {isa = PBXFileReference; lastKnownFileType = folder.assetcatalog; path = Assets.xcassets; sourceTree = "<group>"; };
		B06AE813272B8C1400956666 /* Base */ = {isa = PBXFileReference; lastKnownFileType = file.storyboard; name = Base; path = Base.lproj/LaunchScreen.storyboard; sourceTree = "<group>"; };
		B06AE815272B8C1400956666 /* Info.plist */ = {isa = PBXFileReference; lastKnownFileType = text.plist.xml; path = Info.plist; sourceTree = "<group>"; };
		B06AE81A272B8C1500956666 /* RefreshTests.xctest */ = {isa = PBXFileReference; explicitFileType = wrapper.cfbundle; includeInIndex = 0; path = RefreshTests.xctest; sourceTree = BUILT_PRODUCTS_DIR; };
		B06AE81E272B8C1500956666 /* RefreshTests.swift */ = {isa = PBXFileReference; lastKnownFileType = sourcecode.swift; path = RefreshTests.swift; sourceTree = "<group>"; };
		B06AE824272B8C1500956666 /* RefreshUITests.xctest */ = {isa = PBXFileReference; explicitFileType = wrapper.cfbundle; includeInIndex = 0; path = RefreshUITests.xctest; sourceTree = BUILT_PRODUCTS_DIR; };
		B06AE828272B8C1500956666 /* RefreshUITests.swift */ = {isa = PBXFileReference; lastKnownFileType = sourcecode.swift; path = RefreshUITests.swift; sourceTree = "<group>"; };
		B06AE82A272B8C1500956666 /* RefreshUITestsLaunchTests.swift */ = {isa = PBXFileReference; lastKnownFileType = sourcecode.swift; path = RefreshUITestsLaunchTests.swift; sourceTree = "<group>"; };
		B06AE837272BE87900956666 /* UIView+Ext.swift */ = {isa = PBXFileReference; lastKnownFileType = sourcecode.swift; path = "UIView+Ext.swift"; sourceTree = "<group>"; };
		B0706EC5272FD7FC00A930FA /* VideoCell.swift */ = {isa = PBXFileReference; lastKnownFileType = sourcecode.swift; path = VideoCell.swift; sourceTree = "<group>"; };
		B0706EC8272FF5F800A930FA /* Video.swift */ = {isa = PBXFileReference; lastKnownFileType = sourcecode.swift; path = Video.swift; sourceTree = "<group>"; };
		B0706ECB27313E8900A930FA /* UIImage+Ext.swift */ = {isa = PBXFileReference; lastKnownFileType = sourcecode.swift; path = "UIImage+Ext.swift"; sourceTree = "<group>"; };
		B0706ECF2732886D00A930FA /* VideoController.swift */ = {isa = PBXFileReference; lastKnownFileType = sourcecode.swift; path = VideoController.swift; sourceTree = "<group>"; };
/* End PBXFileReference section */

/* Begin PBXFrameworksBuildPhase section */
		B06AE801272B8C1200956666 /* Frameworks */ = {
			isa = PBXFrameworksBuildPhase;
			buildActionMask = 2147483647;
			files = (
			);
			runOnlyForDeploymentPostprocessing = 0;
		};
		B06AE817272B8C1500956666 /* Frameworks */ = {
			isa = PBXFrameworksBuildPhase;
			buildActionMask = 2147483647;
			files = (
			);
			runOnlyForDeploymentPostprocessing = 0;
		};
		B06AE821272B8C1500956666 /* Frameworks */ = {
			isa = PBXFrameworksBuildPhase;
			buildActionMask = 2147483647;
			files = (
			);
			runOnlyForDeploymentPostprocessing = 0;
		};
/* End PBXFrameworksBuildPhase section */

/* Begin PBXGroup section */
		B06AE7FB272B8C1200956666 = {
			isa = PBXGroup;
			children = (
				B06AE806272B8C1200956666 /* Refresh */,
				B06AE81D272B8C1500956666 /* RefreshTests */,
				B06AE827272B8C1500956666 /* RefreshUITests */,
				B06AE805272B8C1200956666 /* Products */,
			);
			sourceTree = "<group>";
		};
		B06AE805272B8C1200956666 /* Products */ = {
			isa = PBXGroup;
			children = (
				B06AE804272B8C1200956666 /* Refresh.app */,
				B06AE81A272B8C1500956666 /* RefreshTests.xctest */,
				B06AE824272B8C1500956666 /* RefreshUITests.xctest */,
			);
			name = Products;
			sourceTree = "<group>";
		};
		B06AE806272B8C1200956666 /* Refresh */ = {
			isa = PBXGroup;
			children = (
				B0706ECD2732883800A930FA /* Views */,
				B0706ECA27313E6A00A930FA /* Ext */,
				B0706EC7272FF5DF00A930FA /* Models */,
				B06AE807272B8C1200956666 /* AppDelegate.swift */,
				B06AE809272B8C1200956666 /* SceneDelegate.swift */,
				B06AE80B272B8C1200956666 /* ViewController.swift */,
				B06AE80D272B8C1200956666 /* Main.storyboard */,
				B06AE810272B8C1400956666 /* Assets.xcassets */,
				B06AE812272B8C1400956666 /* LaunchScreen.storyboard */,
				B06AE815272B8C1400956666 /* Info.plist */,
				B0706EC5272FD7FC00A930FA /* VideoCell.swift */,
			);
			path = Refresh;
			sourceTree = "<group>";
		};
		B06AE81D272B8C1500956666 /* RefreshTests */ = {
			isa = PBXGroup;
			children = (
				B06AE81E272B8C1500956666 /* RefreshTests.swift */,
			);
			path = RefreshTests;
			sourceTree = "<group>";
		};
		B06AE827272B8C1500956666 /* RefreshUITests */ = {
			isa = PBXGroup;
			children = (
				B06AE828272B8C1500956666 /* RefreshUITests.swift */,
				B06AE82A272B8C1500956666 /* RefreshUITestsLaunchTests.swift */,
			);
			path = RefreshUITests;
			sourceTree = "<group>";
		};
		B0706EC7272FF5DF00A930FA /* Models */ = {
			isa = PBXGroup;
			children = (
				B0706EC8272FF5F800A930FA /* Video.swift */,
			);
			path = Models;
			sourceTree = "<group>";
		};
		B0706ECA27313E6A00A930FA /* Ext */ = {
			isa = PBXGroup;
			children = (
				B06AE837272BE87900956666 /* UIView+Ext.swift */,
				B0706ECB27313E8900A930FA /* UIImage+Ext.swift */,
			);
			name = Ext;
			sourceTree = "<group>";
		};
		B0706ECD2732883800A930FA /* Views */ = {
			isa = PBXGroup;
			children = (
				B0706ECE2732884000A930FA /* Video */,
			);
			path = Views;
			sourceTree = "<group>";
		};
		B0706ECE2732884000A930FA /* Video */ = {
			isa = PBXGroup;
			children = (
				B0706ECF2732886D00A930FA /* VideoController.swift */,
			);
			path = Video;
			sourceTree = "<group>";
		};
/* End PBXGroup section */

/* Begin PBXNativeTarget section */
		B06AE803272B8C1200956666 /* Refresh */ = {
			isa = PBXNativeTarget;
			buildConfigurationList = B06AE82E272B8C1500956666 /* Build configuration list for PBXNativeTarget "Refresh" */;
			buildPhases = (
				B06AE800272B8C1200956666 /* Sources */,
				B06AE801272B8C1200956666 /* Frameworks */,
				B06AE802272B8C1200956666 /* Resources */,
			);
			buildRules = (
			);
			dependencies = (
			);
			name = Refresh;
			productName = Refresh;
			productReference = B06AE804272B8C1200956666 /* Refresh.app */;
			productType = "com.apple.product-type.application";
		};
		B06AE819272B8C1500956666 /* RefreshTests */ = {
			isa = PBXNativeTarget;
			buildConfigurationList = B06AE831272B8C1500956666 /* Build configuration list for PBXNativeTarget "RefreshTests" */;
			buildPhases = (
				B06AE816272B8C1500956666 /* Sources */,
				B06AE817272B8C1500956666 /* Frameworks */,
				B06AE818272B8C1500956666 /* Resources */,
			);
			buildRules = (
			);
			dependencies = (
				B06AE81C272B8C1500956666 /* PBXTargetDependency */,
			);
			name = RefreshTests;
			productName = RefreshTests;
			productReference = B06AE81A272B8C1500956666 /* RefreshTests.xctest */;
			productType = "com.apple.product-type.bundle.unit-test";
		};
		B06AE823272B8C1500956666 /* RefreshUITests */ = {
			isa = PBXNativeTarget;
			buildConfigurationList = B06AE834272B8C1500956666 /* Build configuration list for PBXNativeTarget "RefreshUITests" */;
			buildPhases = (
				B06AE820272B8C1500956666 /* Sources */,
				B06AE821272B8C1500956666 /* Frameworks */,
				B06AE822272B8C1500956666 /* Resources */,
			);
			buildRules = (
			);
			dependencies = (
				B06AE826272B8C1500956666 /* PBXTargetDependency */,
			);
			name = RefreshUITests;
			productName = RefreshUITests;
			productReference = B06AE824272B8C1500956666 /* RefreshUITests.xctest */;
			productType = "com.apple.product-type.bundle.ui-testing";
		};
/* End PBXNativeTarget section */

/* Begin PBXProject section */
		B06AE7FC272B8C1200956666 /* Project object */ = {
			isa = PBXProject;
			attributes = {
				BuildIndependentTargetsInParallel = 1;
				LastSwiftUpdateCheck = 1300;
				LastUpgradeCheck = 1300;
				TargetAttributes = {
					B06AE803272B8C1200956666 = {
						CreatedOnToolsVersion = 13.0;
					};
					B06AE819272B8C1500956666 = {
						CreatedOnToolsVersion = 13.0;
						TestTargetID = B06AE803272B8C1200956666;
					};
					B06AE823272B8C1500956666 = {
						CreatedOnToolsVersion = 13.0;
						TestTargetID = B06AE803272B8C1200956666;
					};
				};
			};
			buildConfigurationList = B06AE7FF272B8C1200956666 /* Build configuration list for PBXProject "Refresh" */;
			compatibilityVersion = "Xcode 13.0";
			developmentRegion = en;
			hasScannedForEncodings = 0;
			knownRegions = (
				en,
				Base,
			);
			mainGroup = B06AE7FB272B8C1200956666;
			productRefGroup = B06AE805272B8C1200956666 /* Products */;
			projectDirPath = "";
			projectRoot = "";
			targets = (
				B06AE803272B8C1200956666 /* Refresh */,
				B06AE819272B8C1500956666 /* RefreshTests */,
				B06AE823272B8C1500956666 /* RefreshUITests */,
			);
		};
/* End PBXProject section */

/* Begin PBXResourcesBuildPhase section */
		B06AE802272B8C1200956666 /* Resources */ = {
			isa = PBXResourcesBuildPhase;
			buildActionMask = 2147483647;
			files = (
				B06AE814272B8C1400956666 /* LaunchScreen.storyboard in Resources */,
				B06AE811272B8C1400956666 /* Assets.xcassets in Resources */,
				B06AE80F272B8C1200956666 /* Main.storyboard in Resources */,
			);
			runOnlyForDeploymentPostprocessing = 0;
		};
		B06AE818272B8C1500956666 /* Resources */ = {
			isa = PBXResourcesBuildPhase;
			buildActionMask = 2147483647;
			files = (
			);
			runOnlyForDeploymentPostprocessing = 0;
		};
		B06AE822272B8C1500956666 /* Resources */ = {
			isa = PBXResourcesBuildPhase;
			buildActionMask = 2147483647;
			files = (
			);
			runOnlyForDeploymentPostprocessing = 0;
		};
/* End PBXResourcesBuildPhase section */

/* Begin PBXSourcesBuildPhase section */
		B06AE800272B8C1200956666 /* Sources */ = {
			isa = PBXSourcesBuildPhase;
			buildActionMask = 2147483647;
			files = (
				B0706ECC27313E8900A930FA /* UIImage+Ext.swift in Sources */,
				B0706EC6272FD7FC00A930FA /* VideoCell.swift in Sources */,
				B0706ED02732886D00A930FA /* VideoController.swift in Sources */,
				B0706EC9272FF5F800A930FA /* Video.swift in Sources */,
				B06AE838272BE87900956666 /* UIView+Ext.swift in Sources */,
				B06AE80C272B8C1200956666 /* ViewController.swift in Sources */,
				B06AE808272B8C1200956666 /* AppDelegate.swift in Sources */,
				B06AE80A272B8C1200956666 /* SceneDelegate.swift in Sources */,
			);
			runOnlyForDeploymentPostprocessing = 0;
		};
		B06AE816272B8C1500956666 /* Sources */ = {
			isa = PBXSourcesBuildPhase;
			buildActionMask = 2147483647;
			files = (
				B06AE81F272B8C1500956666 /* RefreshTests.swift in Sources */,
			);
			runOnlyForDeploymentPostprocessing = 0;
		};
		B06AE820272B8C1500956666 /* Sources */ = {
			isa = PBXSourcesBuildPhase;
			buildActionMask = 2147483647;
			files = (
				B06AE82B272B8C1500956666 /* RefreshUITestsLaunchTests.swift in Sources */,
				B06AE829272B8C1500956666 /* RefreshUITests.swift in Sources */,
			);
			runOnlyForDeploymentPostprocessing = 0;
		};
/* End PBXSourcesBuildPhase section */

/* Begin PBXTargetDependency section */
		B06AE81C272B8C1500956666 /* PBXTargetDependency */ = {
			isa = PBXTargetDependency;
			target = B06AE803272B8C1200956666 /* Refresh */;
			targetProxy = B06AE81B272B8C1500956666 /* PBXContainerItemProxy */;
		};
		B06AE826272B8C1500956666 /* PBXTargetDependency */ = {
			isa = PBXTargetDependency;
			target = B06AE803272B8C1200956666 /* Refresh */;
			targetProxy = B06AE825272B8C1500956666 /* PBXContainerItemProxy */;
		};
/* End PBXTargetDependency section */

/* Begin PBXVariantGroup section */
		B06AE80D272B8C1200956666 /* Main.storyboard */ = {
			isa = PBXVariantGroup;
			children = (
				B06AE80E272B8C1200956666 /* Base */,
			);
			name = Main.storyboard;
			sourceTree = "<group>";
		};
		B06AE812272B8C1400956666 /* LaunchScreen.storyboard */ = {
			isa = PBXVariantGroup;
			children = (
				B06AE813272B8C1400956666 /* Base */,
			);
			name = LaunchScreen.storyboard;
			sourceTree = "<group>";
		};
/* End PBXVariantGroup section */

/* Begin XCBuildConfiguration section */
		B06AE82C272B8C1500956666 /* Debug */ = {
			isa = XCBuildConfiguration;
			buildSettings = {
				ALWAYS_SEARCH_USER_PATHS = NO;
				CLANG_ANALYZER_NONNULL = YES;
				CLANG_ANALYZER_NUMBER_OBJECT_CONVERSION = YES_AGGRESSIVE;
				CLANG_CXX_LANGUAGE_STANDARD = "gnu++17";
				CLANG_CXX_LIBRARY = "libc++";
				CLANG_ENABLE_MODULES = YES;
				CLANG_ENABLE_OBJC_ARC = YES;
				CLANG_ENABLE_OBJC_WEAK = YES;
				CLANG_WARN_BLOCK_CAPTURE_AUTORELEASING = YES;
				CLANG_WARN_BOOL_CONVERSION = YES;
				CLANG_WARN_COMMA = YES;
				CLANG_WARN_CONSTANT_CONVERSION = YES;
				CLANG_WARN_DEPRECATED_OBJC_IMPLEMENTATIONS = YES;
				CLANG_WARN_DIRECT_OBJC_ISA_USAGE = YES_ERROR;
				CLANG_WARN_DOCUMENTATION_COMMENTS = YES;
				CLANG_WARN_EMPTY_BODY = YES;
				CLANG_WARN_ENUM_CONVERSION = YES;
				CLANG_WARN_INFINITE_RECURSION = YES;
				CLANG_WARN_INT_CONVERSION = YES;
				CLANG_WARN_NON_LITERAL_NULL_CONVERSION = YES;
				CLANG_WARN_OBJC_IMPLICIT_RETAIN_SELF = YES;
				CLANG_WARN_OBJC_LITERAL_CONVERSION = YES;
				CLANG_WARN_OBJC_ROOT_CLASS = YES_ERROR;
				CLANG_WARN_QUOTED_INCLUDE_IN_FRAMEWORK_HEADER = YES;
				CLANG_WARN_RANGE_LOOP_ANALYSIS = YES;
				CLANG_WARN_STRICT_PROTOTYPES = YES;
				CLANG_WARN_SUSPICIOUS_MOVE = YES;
				CLANG_WARN_UNGUARDED_AVAILABILITY = YES_AGGRESSIVE;
				CLANG_WARN_UNREACHABLE_CODE = YES;
				CLANG_WARN__DUPLICATE_METHOD_MATCH = YES;
				COPY_PHASE_STRIP = NO;
				DEBUG_INFORMATION_FORMAT = dwarf;
				ENABLE_STRICT_OBJC_MSGSEND = YES;
				ENABLE_TESTABILITY = YES;
				GCC_C_LANGUAGE_STANDARD = gnu11;
				GCC_DYNAMIC_NO_PIC = NO;
				GCC_NO_COMMON_BLOCKS = YES;
				GCC_OPTIMIZATION_LEVEL = 0;
				GCC_PREPROCESSOR_DEFINITIONS = (
					"DEBUG=1",
					"$(inherited)",
				);
				GCC_WARN_64_TO_32_BIT_CONVERSION = YES;
				GCC_WARN_ABOUT_RETURN_TYPE = YES_ERROR;
				GCC_WARN_UNDECLARED_SELECTOR = YES;
				GCC_WARN_UNINITIALIZED_AUTOS = YES_AGGRESSIVE;
				GCC_WARN_UNUSED_FUNCTION = YES;
				GCC_WARN_UNUSED_VARIABLE = YES;
				IPHONEOS_DEPLOYMENT_TARGET = 13.0;
				MTL_ENABLE_DEBUG_INFO = INCLUDE_SOURCE;
				MTL_FAST_MATH = YES;
				ONLY_ACTIVE_ARCH = YES;
				SDKROOT = iphoneos;
				SWIFT_ACTIVE_COMPILATION_CONDITIONS = DEBUG;
				SWIFT_OPTIMIZATION_LEVEL = "-Onone";
			};
			name = Debug;
		};
		B06AE82D272B8C1500956666 /* Release */ = {
			isa = XCBuildConfiguration;
			buildSettings = {
				ALWAYS_SEARCH_USER_PATHS = NO;
				CLANG_ANALYZER_NONNULL = YES;
				CLANG_ANALYZER_NUMBER_OBJECT_CONVERSION = YES_AGGRESSIVE;
				CLANG_CXX_LANGUAGE_STANDARD = "gnu++17";
				CLANG_CXX_LIBRARY = "libc++";
				CLANG_ENABLE_MODULES = YES;
				CLANG_ENABLE_OBJC_ARC = YES;
				CLANG_ENABLE_OBJC_WEAK = YES;
				CLANG_WARN_BLOCK_CAPTURE_AUTORELEASING = YES;
				CLANG_WARN_BOOL_CONVERSION = YES;
				CLANG_WARN_COMMA = YES;
				CLANG_WARN_CONSTANT_CONVERSION = YES;
				CLANG_WARN_DEPRECATED_OBJC_IMPLEMENTATIONS = YES;
				CLANG_WARN_DIRECT_OBJC_ISA_USAGE = YES_ERROR;
				CLANG_WARN_DOCUMENTATION_COMMENTS = YES;
				CLANG_WARN_EMPTY_BODY = YES;
				CLANG_WARN_ENUM_CONVERSION = YES;
				CLANG_WARN_INFINITE_RECURSION = YES;
				CLANG_WARN_INT_CONVERSION = YES;
				CLANG_WARN_NON_LITERAL_NULL_CONVERSION = YES;
				CLANG_WARN_OBJC_IMPLICIT_RETAIN_SELF = YES;
				CLANG_WARN_OBJC_LITERAL_CONVERSION = YES;
				CLANG_WARN_OBJC_ROOT_CLASS = YES_ERROR;
				CLANG_WARN_QUOTED_INCLUDE_IN_FRAMEWORK_HEADER = YES;
				CLANG_WARN_RANGE_LOOP_ANALYSIS = YES;
				CLANG_WARN_STRICT_PROTOTYPES = YES;
				CLANG_WARN_SUSPICIOUS_MOVE = YES;
				CLANG_WARN_UNGUARDED_AVAILABILITY = YES_AGGRESSIVE;
				CLANG_WARN_UNREACHABLE_CODE = YES;
				CLANG_WARN__DUPLICATE_METHOD_MATCH = YES;
				COPY_PHASE_STRIP = NO;
				DEBUG_INFORMATION_FORMAT = "dwarf-with-dsym";
				ENABLE_NS_ASSERTIONS = NO;
				ENABLE_STRICT_OBJC_MSGSEND = YES;
				GCC_C_LANGUAGE_STANDARD = gnu11;
				GCC_NO_COMMON_BLOCKS = YES;
				GCC_WARN_64_TO_32_BIT_CONVERSION = YES;
				GCC_WARN_ABOUT_RETURN_TYPE = YES_ERROR;
				GCC_WARN_UNDECLARED_SELECTOR = YES;
				GCC_WARN_UNINITIALIZED_AUTOS = YES_AGGRESSIVE;
				GCC_WARN_UNUSED_FUNCTION = YES;
				GCC_WARN_UNUSED_VARIABLE = YES;
				IPHONEOS_DEPLOYMENT_TARGET = 13.0;
				MTL_ENABLE_DEBUG_INFO = NO;
				MTL_FAST_MATH = YES;
				SDKROOT = iphoneos;
				SWIFT_COMPILATION_MODE = wholemodule;
				SWIFT_OPTIMIZATION_LEVEL = "-O";
				VALIDATE_PRODUCT = YES;
			};
			name = Release;
		};
		B06AE82F272B8C1500956666 /* Debug */ = {
			isa = XCBuildConfiguration;
			buildSettings = {
				ASSETCATALOG_COMPILER_APPICON_NAME = AppIcon;
				ASSETCATALOG_COMPILER_GLOBAL_ACCENT_COLOR_NAME = AccentColor;
				CODE_SIGN_STYLE = Automatic;
				CURRENT_PROJECT_VERSION = 1;
				DEVELOPMENT_TEAM = 2ZUC9642GN;
				GENERATE_INFOPLIST_FILE = YES;
				INFOPLIST_FILE = Refresh/Info.plist;
				INFOPLIST_KEY_UIApplicationSupportsIndirectInputEvents = YES;
				INFOPLIST_KEY_UILaunchStoryboardName = LaunchScreen;
				INFOPLIST_KEY_UIMainStoryboardFile = Main;
				INFOPLIST_KEY_UISupportedInterfaceOrientations_iPad = "UIInterfaceOrientationPortrait UIInterfaceOrientationPortraitUpsideDown UIInterfaceOrientationLandscapeLeft UIInterfaceOrientationLandscapeRight";
				INFOPLIST_KEY_UISupportedInterfaceOrientations_iPhone = "UIInterfaceOrientationPortrait UIInterfaceOrientationLandscapeLeft UIInterfaceOrientationLandscapeRight";
				LD_RUNPATH_SEARCH_PATHS = (
					"$(inherited)",
					"@executable_path/Frameworks",
				);
				MARKETING_VERSION = 1.0;
				PRODUCT_BUNDLE_IDENTIFIER = com.mistnguyen.Refresh;
				PRODUCT_NAME = "$(TARGET_NAME)";
				SWIFT_EMIT_LOC_STRINGS = YES;
				SWIFT_VERSION = 5.0;
				TARGETED_DEVICE_FAMILY = "1,2";
			};
			name = Debug;
		};
		B06AE830272B8C1500956666 /* Release */ = {
			isa = XCBuildConfiguration;
			buildSettings = {
				ASSETCATALOG_COMPILER_APPICON_NAME = AppIcon;
				ASSETCATALOG_COMPILER_GLOBAL_ACCENT_COLOR_NAME = AccentColor;
				CODE_SIGN_STYLE = Automatic;
				CURRENT_PROJECT_VERSION = 1;
				DEVELOPMENT_TEAM = 2ZUC9642GN;
				GENERATE_INFOPLIST_FILE = YES;
				INFOPLIST_FILE = Refresh/Info.plist;
				INFOPLIST_KEY_UIApplicationSupportsIndirectInputEvents = YES;
				INFOPLIST_KEY_UILaunchStoryboardName = LaunchScreen;
				INFOPLIST_KEY_UIMainStoryboardFile = Main;
				INFOPLIST_KEY_UISupportedInterfaceOrientations_iPad = "UIInterfaceOrientationPortrait UIInterfaceOrientationPortraitUpsideDown UIInterfaceOrientationLandscapeLeft UIInterfaceOrientationLandscapeRight";
				INFOPLIST_KEY_UISupportedInterfaceOrientations_iPhone = "UIInterfaceOrientationPortrait UIInterfaceOrientationLandscapeLeft UIInterfaceOrientationLandscapeRight";
				LD_RUNPATH_SEARCH_PATHS = (
					"$(inherited)",
					"@executable_path/Frameworks",
				);
				MARKETING_VERSION = 1.0;
				PRODUCT_BUNDLE_IDENTIFIER = com.mistnguyen.Refresh;
				PRODUCT_NAME = "$(TARGET_NAME)";
				SWIFT_EMIT_LOC_STRINGS = YES;
				SWIFT_VERSION = 5.0;
				TARGETED_DEVICE_FAMILY = "1,2";
			};
			name = Release;
		};
		B06AE832272B8C1500956666 /* Debug */ = {
			isa = XCBuildConfiguration;
			buildSettings = {
				ALWAYS_EMBED_SWIFT_STANDARD_LIBRARIES = YES;
				BUNDLE_LOADER = "$(TEST_HOST)";
				CODE_SIGN_STYLE = Automatic;
				CURRENT_PROJECT_VERSION = 1;
				GENERATE_INFOPLIST_FILE = YES;
				IPHONEOS_DEPLOYMENT_TARGET = 15.0;
				LD_RUNPATH_SEARCH_PATHS = (
					"$(inherited)",
					"@executable_path/Frameworks",
					"@loader_path/Frameworks",
				);
				MARKETING_VERSION = 1.0;
				PRODUCT_BUNDLE_IDENTIFIER = com.mistnguyen.RefreshTests;
				PRODUCT_NAME = "$(TARGET_NAME)";
				SWIFT_EMIT_LOC_STRINGS = NO;
				SWIFT_VERSION = 5.0;
				TARGETED_DEVICE_FAMILY = "1,2";
				TEST_HOST = "$(BUILT_PRODUCTS_DIR)/Refresh.app/Refresh";
			};
			name = Debug;
		};
		B06AE833272B8C1500956666 /* Release */ = {
			isa = XCBuildConfiguration;
			buildSettings = {
				ALWAYS_EMBED_SWIFT_STANDARD_LIBRARIES = YES;
				BUNDLE_LOADER = "$(TEST_HOST)";
				CODE_SIGN_STYLE = Automatic;
				CURRENT_PROJECT_VERSION = 1;
				GENERATE_INFOPLIST_FILE = YES;
				IPHONEOS_DEPLOYMENT_TARGET = 15.0;
				LD_RUNPATH_SEARCH_PATHS = (
					"$(inherited)",
					"@executable_path/Frameworks",
					"@loader_path/Frameworks",
				);
				MARKETING_VERSION = 1.0;
				PRODUCT_BUNDLE_IDENTIFIER = com.mistnguyen.RefreshTests;
				PRODUCT_NAME = "$(TARGET_NAME)";
				SWIFT_EMIT_LOC_STRINGS = NO;
				SWIFT_VERSION = 5.0;
				TARGETED_DEVICE_FAMILY = "1,2";
				TEST_HOST = "$(BUILT_PRODUCTS_DIR)/Refresh.app/Refresh";
			};
			name = Release;
		};
		B06AE835272B8C1500956666 /* Debug */ = {
			isa = XCBuildConfiguration;
			buildSettings = {
				ALWAYS_EMBED_SWIFT_STANDARD_LIBRARIES = YES;
				CODE_SIGN_STYLE = Automatic;
				CURRENT_PROJECT_VERSION = 1;
				GENERATE_INFOPLIST_FILE = YES;
				LD_RUNPATH_SEARCH_PATHS = (
					"$(inherited)",
					"@executable_path/Frameworks",
					"@loader_path/Frameworks",
				);
				MARKETING_VERSION = 1.0;
				PRODUCT_BUNDLE_IDENTIFIER = com.mistnguyen.RefreshUITests;
				PRODUCT_NAME = "$(TARGET_NAME)";
				SWIFT_EMIT_LOC_STRINGS = NO;
				SWIFT_VERSION = 5.0;
				TARGETED_DEVICE_FAMILY = "1,2";
				TEST_TARGET_NAME = Refresh;
			};
			name = Debug;
		};
		B06AE836272B8C1500956666 /* Release */ = {
			isa = XCBuildConfiguration;
			buildSettings = {
				ALWAYS_EMBED_SWIFT_STANDARD_LIBRARIES = YES;
				CODE_SIGN_STYLE = Automatic;
				CURRENT_PROJECT_VERSION = 1;
				GENERATE_INFOPLIST_FILE = YES;
				LD_RUNPATH_SEARCH_PATHS = (
					"$(inherited)",
					"@executable_path/Frameworks",
					"@loader_path/Frameworks",
				);
				MARKETING_VERSION = 1.0;
				PRODUCT_BUNDLE_IDENTIFIER = com.mistnguyen.RefreshUITests;
				PRODUCT_NAME = "$(TARGET_NAME)";
				SWIFT_EMIT_LOC_STRINGS = NO;
				SWIFT_VERSION = 5.0;
				TARGETED_DEVICE_FAMILY = "1,2";
				TEST_TARGET_NAME = Refresh;
			};
			name = Release;
		};
/* End XCBuildConfiguration section */

/* Begin XCConfigurationList section */
		B06AE7FF272B8C1200956666 /* Build configuration list for PBXProject "Refresh" */ = {
			isa = XCConfigurationList;
			buildConfigurations = (
				B06AE82C272B8C1500956666 /* Debug */,
				B06AE82D272B8C1500956666 /* Release */,
			);
			defaultConfigurationIsVisible = 0;
			defaultConfigurationName = Release;
		};
		B06AE82E272B8C1500956666 /* Build configuration list for PBXNativeTarget "Refresh" */ = {
			isa = XCConfigurationList;
			buildConfigurations = (
				B06AE82F272B8C1500956666 /* Debug */,
				B06AE830272B8C1500956666 /* Release */,
			);
			defaultConfigurationIsVisible = 0;
			defaultConfigurationName = Release;
		};
		B06AE831272B8C1500956666 /* Build configuration list for PBXNativeTarget "RefreshTests" */ = {
			isa = XCConfigurationList;
			buildConfigurations = (
				B06AE832272B8C1500956666 /* Debug */,
				B06AE833272B8C1500956666 /* Release */,
			);
			defaultConfigurationIsVisible = 0;
			defaultConfigurationName = Release;
		};
		B06AE834272B8C1500956666 /* Build configuration list for PBXNativeTarget "RefreshUITests" */ = {
			isa = XCConfigurationList;
			buildConfigurations = (
				B06AE835272B8C1500956666 /* Debug */,
				B06AE836272B8C1500956666 /* Release */,
			);
			defaultConfigurationIsVisible = 0;
			defaultConfigurationName = Release;
		};
/* End XCConfigurationList section */
	};
	rootObject = B06AE7FC272B8C1200956666 /* Project object */;
}
